
Microsoft Visual Studio Solution File, Format Version 12.00
# Visual Studio Version 17
VisualStudioVersion = 17.11.35327.3
MinimumVisualStudioVersion = 10.0.40219.1
Project("{FAE04EC0-301F-11D3-BF4B-00C04F79EFBC}") = "Arduino RGB Strip Controller", "Arduino RGB Strip Controller.csproj", "{21A40AC0-3476-4069-B230-2315564D8689}"
EndProject
Global
	GlobalSection(SolutionConfigurationPlatforms) = preSolution
		Debug|Any CPU = Debug|Any CPU
		Release|Any CPU = Release|Any CPU
	EndGlobalSection
	GlobalSection(ProjectConfigurationPlatforms) = postSolution
		{21A40AC0-3476-4069-B230-2315564D8689}.Debug|Any CPU.ActiveCfg = Debug|Any CPU
		{21A40AC0-3476-4069-B230-2315564D8689}.Debug|Any CPU.Build.0 = Debug|Any CPU
		{21A40AC0-3476-4069-B230-2315564D8689}.Release|Any CPU.ActiveCfg = Release|Any CPU
		{21A40AC0-3476-4069-B230-2315564D8689}.Release|Any CPU.Build.0 = Release|Any CPU
	EndGlobalSection
	GlobalSection(SolutionProperties) = preSolution
		HideSolutionNode = FALSE
	EndGlobalSection
	GlobalSection(ExtensibilityGlobals) = postSolution
		SolutionGuid = {76ED1A53-8F21-46A6-8EAE-C01E5350BBDD}
	EndGlobalSection
EndGlobal
